// !$*UTF8*$!
{
	archiveVersion = 1;
	classes = {
	};
	objectVersion = 56;
	objects = {

/* Begin PBXBuildFile section */
		D095BDA82A68DAEF0041526F /* Things_The_AppApp.swift in Sources */ = {isa = PBXBuildFile; fileRef = D095BDA72A68DAEF0041526F /* Things_The_AppApp.swift */; };
		D095BDAA2A68DAEF0041526F /* MainView.swift in Sources */ = {isa = PBXBuildFile; fileRef = D095BDA92A68DAEF0041526F /* MainView.swift */; };
		D095BDAC2A68DAF00041526F /* Assets.xcassets in Resources */ = {isa = PBXBuildFile; fileRef = D095BDAB2A68DAF00041526F /* Assets.xcassets */; };
		D095BDAF2A68DAF00041526F /* Preview Assets.xcassets in Resources */ = {isa = PBXBuildFile; fileRef = D095BDAE2A68DAF00041526F /* Preview Assets.xcassets */; };
		D095BDBC2A691ABB0041526F /* User.swift in Sources */ = {isa = PBXBuildFile; fileRef = D095BDBB2A691ABB0041526F /* User.swift */; };
		D095BDBF2A691B9F0041526F /* NetworkingManager.swift in Sources */ = {isa = PBXBuildFile; fileRef = D095BDBE2A691B9F0041526F /* NetworkingManager.swift */; };
/* End PBXBuildFile section */

/* Begin PBXFileReference section */
		D095BDA42A68DAEF0041526F /* Things The App.app */ = {isa = PBXFileReference; explicitFileType = wrapper.application; includeInIndex = 0; path = "Things The App.app"; sourceTree = BUILT_PRODUCTS_DIR; };
		D095BDA72A68DAEF0041526F /* Things_The_AppApp.swift */ = {isa = PBXFileReference; lastKnownFileType = sourcecode.swift; path = Things_The_AppApp.swift; sourceTree = "<group>"; };
		D095BDA92A68DAEF0041526F /* MainView.swift */ = {isa = PBXFileReference; lastKnownFileType = sourcecode.swift; path = MainView.swift; sourceTree = "<group>"; };
		D095BDAB2A68DAF00041526F /* Assets.xcassets */ = {isa = PBXFileReference; lastKnownFileType = folder.assetcatalog; path = Assets.xcassets; sourceTree = "<group>"; };
		D095BDAE2A68DAF00041526F /* Preview Assets.xcassets */ = {isa = PBXFileReference; lastKnownFileType = folder.assetcatalog; path = "Preview Assets.xcassets"; sourceTree = "<group>"; };
		D095BDBB2A691ABB0041526F /* User.swift */ = {isa = PBXFileReference; lastKnownFileType = sourcecode.swift; path = User.swift; sourceTree = "<group>"; };
		D095BDBE2A691B9F0041526F /* NetworkingManager.swift */ = {isa = PBXFileReference; lastKnownFileType = sourcecode.swift; path = NetworkingManager.swift; sourceTree = "<group>"; };
/* End PBXFileReference section */

/* Begin PBXFrameworksBuildPhase section */
		D095BDA12A68DAEF0041526F /* Frameworks */ = {
			isa = PBXFrameworksBuildPhase;
			buildActionMask = 2147483647;
			files = (
			);
			runOnlyForDeploymentPostprocessing = 0;
		};
/* End PBXFrameworksBuildPhase section */

/* Begin PBXGroup section */
		D095BD9B2A68DAEF0041526F = {
			isa = PBXGroup;
			children = (
				D095BDA62A68DAEF0041526F /* Things The App */,
				D095BDA52A68DAEF0041526F /* Products */,
			);
			sourceTree = "<group>";
		};
		D095BDA52A68DAEF0041526F /* Products */ = {
			isa = PBXGroup;
			children = (
				D095BDA42A68DAEF0041526F /* Things The App.app */,
			);
			name = Products;
			sourceTree = "<group>";
		};
		D095BDA62A68DAEF0041526F /* Things The App */ = {
			isa = PBXGroup;
			children = (
				D095BDBD2A691B300041526F /* Extentions */,
				D095BDBA2A691A860041526F /* Model */,
				D095BDB52A68DBE80041526F /* Views */,
				D095BDA72A68DAEF0041526F /* Things_The_AppApp.swift */,
				D095BDAB2A68DAF00041526F /* Assets.xcassets */,
				D095BDAD2A68DAF00041526F /* Preview Content */,
			);
			path = "Things The App";
			sourceTree = "<group>";
		};
		D095BDAD2A68DAF00041526F /* Preview Content */ = {
			isa = PBXGroup;
			children = (
				D095BDAE2A68DAF00041526F /* Preview Assets.xcassets */,
			);
			path = "Preview Content";
			sourceTree = "<group>";
		};
		D095BDB52A68DBE80041526F /* Views */ = {
			isa = PBXGroup;
			children = (
				D095BDB82A690CF70041526F /* MainView */,
			);
			path = Views;
			sourceTree = "<group>";
		};
		D095BDB82A690CF70041526F /* MainView */ = {
			isa = PBXGroup;
			children = (
				D095BDB92A690D060041526F /* SubView */,
				D095BDA92A68DAEF0041526F /* MainView.swift */,
			);
			path = MainView;
			sourceTree = "<group>";
		};
		D095BDB92A690D060041526F /* SubView */ = {
			isa = PBXGroup;
			children = (
			);
			path = SubView;
			sourceTree = "<group>";
		};
		D095BDBA2A691A860041526F /* Model */ = {
			isa = PBXGroup;
			children = (
				D095BDBB2A691ABB0041526F /* User.swift */,
				D095BDBE2A691B9F0041526F /* NetworkingManager.swift */,
			);
			path = Model;
			sourceTree = "<group>";
		};
		D095BDBD2A691B300041526F /* Extentions */ = {
			isa = PBXGroup;
			children = (
			);
			path = Extentions;
			sourceTree = "<group>";
		};
/* End PBXGroup section */

/* Begin PBXNativeTarget section */
		D095BDA32A68DAEF0041526F /* Things The App */ = {
			isa = PBXNativeTarget;
			buildConfigurationList = D095BDB22A68DAF00041526F /* Build configuration list for PBXNativeTarget "Things The App" */;
			buildPhases = (
				D095BDA02A68DAEF0041526F /* Sources */,
				D095BDA12A68DAEF0041526F /* Frameworks */,
				D095BDA22A68DAEF0041526F /* Resources */,
			);
			buildRules = (
			);
			dependencies = (
			);
			name = "Things The App";
			productName = "Things The App";
			productReference = D095BDA42A68DAEF0041526F /* Things The App.app */;
			productType = "com.apple.product-type.application";
		};
/* End PBXNativeTarget section */

/* Begin PBXProject section */
		D095BD9C2A68DAEF0041526F /* Project object */ = {
			isa = PBXProject;
			attributes = {
				BuildIndependentTargetsInParallel = 1;
				LastSwiftUpdateCheck = 1430;
				LastUpgradeCheck = 1430;
				TargetAttributes = {
					D095BDA32A68DAEF0041526F = {
						CreatedOnToolsVersion = 14.3;
					};
				};
			};
			buildConfigurationList = D095BD9F2A68DAEF0041526F /* Build configuration list for PBXProject "Things The App" */;
			compatibilityVersion = "Xcode 14.0";
			developmentRegion = en;
			hasScannedForEncodings = 0;
			knownRegions = (
				en,
				Base,
			);
			mainGroup = D095BD9B2A68DAEF0041526F;
			productRefGroup = D095BDA52A68DAEF0041526F /* Products */;
			projectDirPath = "";
			projectRoot = "";
			targets = (
				D095BDA32A68DAEF0041526F /* Things The App */,
			);
		};
/* End PBXProject section */

/* Begin PBXResourcesBuildPhase section */
		D095BDA22A68DAEF0041526F /* Resources */ = {
			isa = PBXResourcesBuildPhase;
			buildActionMask = 2147483647;
			files = (
				D095BDAF2A68DAF00041526F /* Preview Assets.xcassets in Resources */,
				D095BDAC2A68DAF00041526F /* Assets.xcassets in Resources */,
			);
			runOnlyForDeploymentPostprocessing = 0;
		};
/* End PBXResourcesBuildPhase section */

/* Begin PBXSourcesBuildPhase section */
		D095BDA02A68DAEF0041526F /* Sources */ = {
			isa = PBXSourcesBuildPhase;
			buildActionMask = 2147483647;
			files = (
				D095BDBC2A691ABB0041526F /* User.swift in Sources */,
				D095BDAA2A68DAEF0041526F /* MainView.swift in Sources */,
				D095BDA82A68DAEF0041526F /* Things_The_AppApp.swift in Sources */,
				D095BDBF2A691B9F0041526F /* NetworkingManager.swift in Sources */,
			);
			runOnlyForDeploymentPostprocessing = 0;
		};
/* End PBXSourcesBuildPhase section */

/* Begin XCBuildConfiguration section */
		D095BDB02A68DAF00041526F /* Debug */ = {
			isa = XCBuildConfiguration;
			buildSettings = {
				ALWAYS_SEARCH_USER_PATHS = NO;
				CLANG_ANALYZER_NONNULL = YES;
				CLANG_ANALYZER_NUMBER_OBJECT_CONVERSION = YES_AGGRESSIVE;
				CLANG_CXX_LANGUAGE_STANDARD = "gnu++20";
				CLANG_ENABLE_MODULES = YES;
				CLANG_ENABLE_OBJC_ARC = YES;
				CLANG_ENABLE_OBJC_WEAK = YES;
				CLANG_WARN_BLOCK_CAPTURE_AUTORELEASING = YES;
				CLANG_WARN_BOOL_CONVERSION = YES;
				CLANG_WARN_COMMA = YES;
				CLANG_WARN_CONSTANT_CONVERSION = YES;
				CLANG_WARN_DEPRECATED_OBJC_IMPLEMENTATIONS = YES;
				CLANG_WARN_DIRECT_OBJC_ISA_USAGE = YES_ERROR;
				CLANG_WARN_DOCUMENTATION_COMMENTS = YES;
				CLANG_WARN_EMPTY_BODY = YES;
				CLANG_WARN_ENUM_CONVERSION = YES;
				CLANG_WARN_INFINITE_RECURSION = YES;
				CLANG_WARN_INT_CONVERSION = YES;
				CLANG_WARN_NON_LITERAL_NULL_CONVERSION = YES;
				CLANG_WARN_OBJC_IMPLICIT_RETAIN_SELF = YES;
				CLANG_WARN_OBJC_LITERAL_CONVERSION = YES;
				CLANG_WARN_OBJC_ROOT_CLASS = YES_ERROR;
				CLANG_WARN_QUOTED_INCLUDE_IN_FRAMEWORK_HEADER = YES;
				CLANG_WARN_RANGE_LOOP_ANALYSIS = YES;
				CLANG_WARN_STRICT_PROTOTYPES = YES;
				CLANG_WARN_SUSPICIOUS_MOVE = YES;
				CLANG_WARN_UNGUARDED_AVAILABILITY = YES_AGGRESSIVE;
				CLANG_WARN_UNREACHABLE_CODE = YES;
				CLANG_WARN__DUPLICATE_METHOD_MATCH = YES;
				COPY_PHASE_STRIP = NO;
				DEBUG_INFORMATION_FORMAT = dwarf;
				ENABLE_STRICT_OBJC_MSGSEND = YES;
				ENABLE_TESTABILITY = YES;
				GCC_C_LANGUAGE_STANDARD = gnu11;
				GCC_DYNAMIC_NO_PIC = NO;
				GCC_NO_COMMON_BLOCKS = YES;
				GCC_OPTIMIZATION_LEVEL = 0;
				GCC_PREPROCESSOR_DEFINITIONS = (
					"DEBUG=1",
					"$(inherited)",
				);
				GCC_WARN_64_TO_32_BIT_CONVERSION = YES;
				GCC_WARN_ABOUT_RETURN_TYPE = YES_ERROR;
				GCC_WARN_UNDECLARED_SELECTOR = YES;
				GCC_WARN_UNINITIALIZED_AUTOS = YES_AGGRESSIVE;
				GCC_WARN_UNUSED_FUNCTION = YES;
				GCC_WARN_UNUSED_VARIABLE = YES;
				IPHONEOS_DEPLOYMENT_TARGET = 16.4;
				MTL_ENABLE_DEBUG_INFO = INCLUDE_SOURCE;
				MTL_FAST_MATH = YES;
				ONLY_ACTIVE_ARCH = YES;
				SDKROOT = iphoneos;
				SWIFT_ACTIVE_COMPILATION_CONDITIONS = DEBUG;
				SWIFT_OPTIMIZATION_LEVEL = "-Onone";
			};
			name = Debug;
		};
		D095BDB12A68DAF00041526F /* Release */ = {
			isa = XCBuildConfiguration;
			buildSettings = {
				ALWAYS_SEARCH_USER_PATHS = NO;
				CLANG_ANALYZER_NONNULL = YES;
				CLANG_ANALYZER_NUMBER_OBJECT_CONVERSION = YES_AGGRESSIVE;
				CLANG_CXX_LANGUAGE_STANDARD = "gnu++20";
				CLANG_ENABLE_MODULES = YES;
				CLANG_ENABLE_OBJC_ARC = YES;
				CLANG_ENABLE_OBJC_WEAK = YES;
				CLANG_WARN_BLOCK_CAPTURE_AUTORELEASING = YES;
				CLANG_WARN_BOOL_CONVERSION = YES;
				CLANG_WARN_COMMA = YES;
				CLANG_WARN_CONSTANT_CONVERSION = YES;
				CLANG_WARN_DEPRECATED_OBJC_IMPLEMENTATIONS = YES;
				CLANG_WARN_DIRECT_OBJC_ISA_USAGE = YES_ERROR;
				CLANG_WARN_DOCUMENTATION_COMMENTS = YES;
				CLANG_WARN_EMPTY_BODY = YES;
				CLANG_WARN_ENUM_CONVERSION = YES;
				CLANG_WARN_INFINITE_RECURSION = YES;
				CLANG_WARN_INT_CONVERSION = YES;
				CLANG_WARN_NON_LITERAL_NULL_CONVERSION = YES;
				CLANG_WARN_OBJC_IMPLICIT_RETAIN_SELF = YES;
				CLANG_WARN_OBJC_LITERAL_CONVERSION = YES;
				CLANG_WARN_OBJC_ROOT_CLASS = YES_ERROR;
				CLANG_WARN_QUOTED_INCLUDE_IN_FRAMEWORK_HEADER = YES;
				CLANG_WARN_RANGE_LOOP_ANALYSIS = YES;
				CLANG_WARN_STRICT_PROTOTYPES = YES;
				CLANG_WARN_SUSPICIOUS_MOVE = YES;
				CLANG_WARN_UNGUARDED_AVAILABILITY = YES_AGGRESSIVE;
				CLANG_WARN_UNREACHABLE_CODE = YES;
				CLANG_WARN__DUPLICATE_METHOD_MATCH = YES;
				COPY_PHASE_STRIP = NO;
				DEBUG_INFORMATION_FORMAT = "dwarf-with-dsym";
				ENABLE_NS_ASSERTIONS = NO;
				ENABLE_STRICT_OBJC_MSGSEND = YES;
				GCC_C_LANGUAGE_STANDARD = gnu11;
				GCC_NO_COMMON_BLOCKS = YES;
				GCC_WARN_64_TO_32_BIT_CONVERSION = YES;
				GCC_WARN_ABOUT_RETURN_TYPE = YES_ERROR;
				GCC_WARN_UNDECLARED_SELECTOR = YES;
				GCC_WARN_UNINITIALIZED_AUTOS = YES_AGGRESSIVE;
				GCC_WARN_UNUSED_FUNCTION = YES;
				GCC_WARN_UNUSED_VARIABLE = YES;
				IPHONEOS_DEPLOYMENT_TARGET = 16.4;
				MTL_ENABLE_DEBUG_INFO = NO;
				MTL_FAST_MATH = YES;
				SDKROOT = iphoneos;
				SWIFT_COMPILATION_MODE = wholemodule;
				SWIFT_OPTIMIZATION_LEVEL = "-O";
				VALIDATE_PRODUCT = YES;
			};
			name = Release;
		};
		D095BDB32A68DAF00041526F /* Debug */ = {
			isa = XCBuildConfiguration;
			buildSettings = {
				ASSETCATALOG_COMPILER_APPICON_NAME = AppIcon;
				ASSETCATALOG_COMPILER_GLOBAL_ACCENT_COLOR_NAME = AccentColor;
				CODE_SIGN_STYLE = Automatic;
				CURRENT_PROJECT_VERSION = 1;
				DEVELOPMENT_ASSET_PATHS = "\"Things The App/Preview Content\"";
				DEVELOPMENT_TEAM = FZCMHM49LE;
				ENABLE_PREVIEWS = YES;
				GENERATE_INFOPLIST_FILE = YES;
				INFOPLIST_KEY_UIApplicationSceneManifest_Generation = YES;
				INFOPLIST_KEY_UIApplicationSupportsIndirectInputEvents = YES;
				INFOPLIST_KEY_UILaunchScreen_Generation = YES;
				INFOPLIST_KEY_UISupportedInterfaceOrientations_iPad = "UIInterfaceOrientationPortrait UIInterfaceOrientationPortraitUpsideDown UIInterfaceOrientationLandscapeLeft UIInterfaceOrientationLandscapeRight";
				INFOPLIST_KEY_UISupportedInterfaceOrientations_iPhone = "UIInterfaceOrientationPortrait UIInterfaceOrientationLandscapeLeft UIInterfaceOrientationLandscapeRight";
				LD_RUNPATH_SEARCH_PATHS = (
					"$(inherited)",
					"@executable_path/Frameworks",
				);
				MARKETING_VERSION = 1.0;
				PRODUCT_BUNDLE_IDENTIFIER = "phideptrai.Things-The-App";
				PRODUCT_NAME = "$(TARGET_NAME)";
				SWIFT_EMIT_LOC_STRINGS = YES;
				SWIFT_VERSION = 5.0;
				TARGETED_DEVICE_FAMILY = "1,2";
			};
			name = Debug;
		};
		D095BDB42A68DAF00041526F /* Release */ = {
			isa = XCBuildConfiguration;
			buildSettings = {
				ASSETCATALOG_COMPILER_APPICON_NAME = AppIcon;
				ASSETCATALOG_COMPILER_GLOBAL_ACCENT_COLOR_NAME = AccentColor;
				CODE_SIGN_STYLE = Automatic;
				CURRENT_PROJECT_VERSION = 1;
				DEVELOPMENT_ASSET_PATHS = "\"Things The App/Preview Content\"";
				DEVELOPMENT_TEAM = FZCMHM49LE;
				ENABLE_PREVIEWS = YES;
				GENERATE_INFOPLIST_FILE = YES;
				INFOPLIST_KEY_UIApplicationSceneManifest_Generation = YES;
				INFOPLIST_KEY_UIApplicationSupportsIndirectInputEvents = YES;
				INFOPLIST_KEY_UILaunchScreen_Generation = YES;
				INFOPLIST_KEY_UISupportedInterfaceOrientations_iPad = "UIInterfaceOrientationPortrait UIInterfaceOrientationPortraitUpsideDown UIInterfaceOrientationLandscapeLeft UIInterfaceOrientationLandscapeRight";
				INFOPLIST_KEY_UISupportedInterfaceOrientations_iPhone = "UIInterfaceOrientationPortrait UIInterfaceOrientationLandscapeLeft UIInterfaceOrientationLandscapeRight";
				LD_RUNPATH_SEARCH_PATHS = (
					"$(inherited)",
					"@executable_path/Frameworks",
				);
				MARKETING_VERSION = 1.0;
				PRODUCT_BUNDLE_IDENTIFIER = "phideptrai.Things-The-App";
				PRODUCT_NAME = "$(TARGET_NAME)";
				SWIFT_EMIT_LOC_STRINGS = YES;
				SWIFT_VERSION = 5.0;
				TARGETED_DEVICE_FAMILY = "1,2";
			};
			name = Release;
		};
/* End XCBuildConfiguration section */

/* Begin XCConfigurationList section */
		D095BD9F2A68DAEF0041526F /* Build configuration list for PBXProject "Things The App" */ = {
			isa = XCConfigurationList;
			buildConfigurations = (
				D095BDB02A68DAF00041526F /* Debug */,
				D095BDB12A68DAF00041526F /* Release */,
			);
			defaultConfigurationIsVisible = 0;
			defaultConfigurationName = Release;
		};
		D095BDB22A68DAF00041526F /* Build configuration list for PBXNativeTarget "Things The App" */ = {
			isa = XCConfigurationList;
			buildConfigurations = (
				D095BDB32A68DAF00041526F /* Debug */,
				D095BDB42A68DAF00041526F /* Release */,
			);
			defaultConfigurationIsVisible = 0;
			defaultConfigurationName = Release;
		};
/* End XCConfigurationList section */
	};
	rootObject = D095BD9C2A68DAEF0041526F /* Project object */;
}
